
Microsoft Visual Studio Solution File, Format Version 12.00
# Visual Studio 14
VisualStudioVersion = 14.0.25420.1
MinimumVisualStudioVersion = 10.0.40219.1
Project("{8BC9CEB8-8B4A-11D0-8D11-00A0C91BC942}") = "Window", "Window\Window.vcxproj", "{06E6323B-869C-4CE9-9DC6-1868C739BE61}"
EndProject
Project("{8BC9CEB8-8B4A-11D0-8D11-00A0C91BC942}") = "Triangle", "Triangle\Triangle.vcxproj", "{E2C57DCD-A919-4A0D-84E5-FEF6A18E1135}"
EndProject
Project("{8BC9CEB8-8B4A-11D0-8D11-00A0C91BC942}") = "Shaders", "Shaders\Shaders.vcxproj", "{387B42B9-0CF1-48F2-9A9B-53832F308743}"
EndProject
Project("{8BC9CEB8-8B4A-11D0-8D11-00A0C91BC942}") = "Textures", "Textures\Textures.vcxproj", "{7B222685-9A3C-4930-B03E-87311BA74E95}"
EndProject
Project("{8BC9CEB8-8B4A-11D0-8D11-00A0C91BC942}") = "Transformations", "Transformations\Transformations.vcxproj", "{23A08413-7C96-47E5-B285-C8D51ACA3E4E}"
EndProject
Project("{8BC9CEB8-8B4A-11D0-8D11-00A0C91BC942}") = "CoordinateSystems", "CoordinateSystems\CoordinateSystems.vcxproj", "{5E8B7F28-6743-4481-BA0F-D409C38D87B6}"
EndProject
Project("{8BC9CEB8-8B4A-11D0-8D11-00A0C91BC942}") = "Camera", "Camera\Camera.vcxproj", "{111CB0B8-98C9-47C5-9A5B-E82423811477}"
EndProject
Project("{8BC9CEB8-8B4A-11D0-8D11-00A0C91BC942}") = "My Game", "My Game\My Game.vcxproj", "{54B645F2-FE79-446D-ACB0-1A0CDDE100B4}"
EndProject
Project("{2150E333-8FDC-42A3-9474-1A3956D46DE8}") = "Getting Started", "Getting Started", "{B20D3816-F896-4B79-9F5A-9156FFAE1B47}"
EndProject
Project("{2150E333-8FDC-42A3-9474-1A3956D46DE8}") = "Lighting", "Lighting", "{94A8C31D-6AD0-4E26-BD11-187733E78462}"
EndProject
Project("{8BC9CEB8-8B4A-11D0-8D11-00A0C91BC942}") = "Colors", "Colors\Colors.vcxproj", "{684D1D59-C2AA-47AB-8652-50F8155E8192}"
EndProject
Project("{8BC9CEB8-8B4A-11D0-8D11-00A0C91BC942}") = "Basic Lighting", "Basic Lighting\Basic Lighting.vcxproj", "{C6618A0C-F821-456C-87CF-B714D921A962}"
EndProject
Project("{8BC9CEB8-8B4A-11D0-8D11-00A0C91BC942}") = "Materials", "Materials\Materials.vcxproj", "{AEED6C96-8172-463D-91CC-82F04EC319ED}"
EndProject
Project("{8BC9CEB8-8B4A-11D0-8D11-00A0C91BC942}") = "Lighting Maps", "Lighting Maps\Lighting Maps.vcxproj", "{517AC515-9356-4BB2-95FC-70ECD0DAECD1}"
EndProject
Project("{8BC9CEB8-8B4A-11D0-8D11-00A0C91BC942}") = "Light Casters", "Light Casters\Light Casters.vcxproj", "{E084FB1A-70EE-4C22-87D5-A3CAA06BF6AD}"
EndProject
Project("{8BC9CEB8-8B4A-11D0-8D11-00A0C91BC942}") = "Multiple Lights", "Multiple Lights\Multiple Lights.vcxproj", "{184A249B-55AC-47CF-88CB-1073916A41FB}"
EndProject
Project("{2150E333-8FDC-42A3-9474-1A3956D46DE8}") = "Models", "Models", "{4E53A686-7668-4CCF-A601-41AE7429F3FA}"
EndProject
Project("{8BC9CEB8-8B4A-11D0-8D11-00A0C91BC942}") = "Assimp", "Assimp\Assimp.vcxproj", "{16613EF6-E9B6-44E7-AF54-C49355466610}"
EndProject
Project("{2150E333-8FDC-42A3-9474-1A3956D46DE8}") = "Advanced", "Advanced", "{EFDCE342-81B1-420C-89D5-EBD6923356CF}"
EndProject
Project("{8BC9CEB8-8B4A-11D0-8D11-00A0C91BC942}") = "Depth Testing", "Depth Testing\Depth Testing.vcxproj", "{D766D0C6-DC7A-44A4-8C21-311A73CA65B0}"
EndProject
Project("{8BC9CEB8-8B4A-11D0-8D11-00A0C91BC942}") = "Instancing", "Instancing\Instancing.vcxproj", "{8C26C179-EADF-48CF-96DB-36EDF54F3526}"
EndProject
Project("{8BC9CEB8-8B4A-11D0-8D11-00A0C91BC942}") = "Lighting", "Lighting\Lighting.vcxproj", "{92F25ABA-380E-4B64-AD9F-FA1B41AE1A62}"
EndProject
Project("{8BC9CEB8-8B4A-11D0-8D11-00A0C91BC942}") = "Point Light", "Point Light\Point Light.vcxproj", "{E0EB61C9-F0BA-4F6C-B40F-4126880E767D}"
EndProject
Project("{8BC9CEB8-8B4A-11D0-8D11-00A0C91BC942}") = "Normal Mapping", "Normal Mapping\Normal Mapping.vcxproj", "{BC09573A-683A-489B-B88B-44534F719B03}"
EndProject
Project("{8BC9CEB8-8B4A-11D0-8D11-00A0C91BC942}") = "Parallax Mapping", "Parallax Mapping\Parallax Mapping.vcxproj", "{3E96E2EB-6217-409B-8B2C-59BDB9082008}"
EndProject
Project("{8BC9CEB8-8B4A-11D0-8D11-00A0C91BC942}") = "HDR", "HDR\HDR.vcxproj", "{42CF32FB-DDCB-4994-9F72-6DA22063524B}"
EndProject
Project("{8BC9CEB8-8B4A-11D0-8D11-00A0C91BC942}") = "Bloom", "Bloom\Bloom.vcxproj", "{89C7DC76-BD06-439B-8A33-F054AE50CF26}"
EndProject
Project("{2150E333-8FDC-42A3-9474-1A3956D46DE8}") = "Demos", "Demos", "{4EC918FF-41DF-4F45-97FA-2CE8EF22B3F7}"
EndProject
Project("{8BC9CEB8-8B4A-11D0-8D11-00A0C91BC942}") = "Space Scene", "Space Scene\Space Scene.vcxproj", "{1C4F0DD9-676F-416A-8332-21151F2B04F0}"
EndProject
Project("{8BC9CEB8-8B4A-11D0-8D11-00A0C91BC942}") = "Terrain Demo", "Terrain Demo\Terrain Demo.vcxproj", "{1BF14758-CB37-4C8E-9610-B9D2C4777793}"
EndProject
Project("{8BC9CEB8-8B4A-11D0-8D11-00A0C91BC942}") = "Shooting Demo", "Shooting Demo\Shooting Demo.vcxproj", "{34E7EE8B-D36E-472D-8A6F-C76758ACE3CE}"
EndProject
Global
	GlobalSection(SolutionConfigurationPlatforms) = preSolution
		Debug|x64 = Debug|x64
		Debug|x86 = Debug|x86
		Release|x64 = Release|x64
		Release|x86 = Release|x86
	EndGlobalSection
	GlobalSection(ProjectConfigurationPlatforms) = postSolution
		{06E6323B-869C-4CE9-9DC6-1868C739BE61}.Debug|x64.ActiveCfg = Debug|x64
		{06E6323B-869C-4CE9-9DC6-1868C739BE61}.Debug|x64.Build.0 = Debug|x64
		{06E6323B-869C-4CE9-9DC6-1868C739BE61}.Debug|x86.ActiveCfg = Debug|Win32
		{06E6323B-869C-4CE9-9DC6-1868C739BE61}.Debug|x86.Build.0 = Debug|Win32
		{06E6323B-869C-4CE9-9DC6-1868C739BE61}.Release|x64.ActiveCfg = Release|x64
		{06E6323B-869C-4CE9-9DC6-1868C739BE61}.Release|x64.Build.0 = Release|x64
		{06E6323B-869C-4CE9-9DC6-1868C739BE61}.Release|x86.ActiveCfg = Release|Win32
		{06E6323B-869C-4CE9-9DC6-1868C739BE61}.Release|x86.Build.0 = Release|Win32
		{E2C57DCD-A919-4A0D-84E5-FEF6A18E1135}.Debug|x64.ActiveCfg = Debug|x64
		{E2C57DCD-A919-4A0D-84E5-FEF6A18E1135}.Debug|x64.Build.0 = Debug|x64
		{E2C57DCD-A919-4A0D-84E5-FEF6A18E1135}.Debug|x86.ActiveCfg = Debug|Win32
		{E2C57DCD-A919-4A0D-84E5-FEF6A18E1135}.Debug|x86.Build.0 = Debug|Win32
		{E2C57DCD-A919-4A0D-84E5-FEF6A18E1135}.Release|x64.ActiveCfg = Release|x64
		{E2C57DCD-A919-4A0D-84E5-FEF6A18E1135}.Release|x64.Build.0 = Release|x64
		{E2C57DCD-A919-4A0D-84E5-FEF6A18E1135}.Release|x86.ActiveCfg = Release|Win32
		{E2C57DCD-A919-4A0D-84E5-FEF6A18E1135}.Release|x86.Build.0 = Release|Win32
		{387B42B9-0CF1-48F2-9A9B-53832F308743}.Debug|x64.ActiveCfg = Debug|x64
		{387B42B9-0CF1-48F2-9A9B-53832F308743}.Debug|x64.Build.0 = Debug|x64
		{387B42B9-0CF1-48F2-9A9B-53832F308743}.Debug|x86.ActiveCfg = Debug|Win32
		{387B42B9-0CF1-48F2-9A9B-53832F308743}.Debug|x86.Build.0 = Debug|Win32
		{387B42B9-0CF1-48F2-9A9B-53832F308743}.Release|x64.ActiveCfg = Release|x64
		{387B42B9-0CF1-48F2-9A9B-53832F308743}.Release|x64.Build.0 = Release|x64
		{387B42B9-0CF1-48F2-9A9B-53832F308743}.Release|x86.ActiveCfg = Release|Win32
		{387B42B9-0CF1-48F2-9A9B-53832F308743}.Release|x86.Build.0 = Release|Win32
		{7B222685-9A3C-4930-B03E-87311BA74E95}.Debug|x64.ActiveCfg = Debug|x64
		{7B222685-9A3C-4930-B03E-87311BA74E95}.Debug|x64.Build.0 = Debug|x64
		{7B222685-9A3C-4930-B03E-87311BA74E95}.Debug|x86.ActiveCfg = Debug|Win32
		{7B222685-9A3C-4930-B03E-87311BA74E95}.Debug|x86.Build.0 = Debug|Win32
		{7B222685-9A3C-4930-B03E-87311BA74E95}.Release|x64.ActiveCfg = Release|x64
		{7B222685-9A3C-4930-B03E-87311BA74E95}.Release|x64.Build.0 = Release|x64
		{7B222685-9A3C-4930-B03E-87311BA74E95}.Release|x86.ActiveCfg = Release|Win32
		{7B222685-9A3C-4930-B03E-87311BA74E95}.Release|x86.Build.0 = Release|Win32
		{23A08413-7C96-47E5-B285-C8D51ACA3E4E}.Debug|x64.ActiveCfg = Debug|x64
		{23A08413-7C96-47E5-B285-C8D51ACA3E4E}.Debug|x64.Build.0 = Debug|x64
		{23A08413-7C96-47E5-B285-C8D51ACA3E4E}.Debug|x86.ActiveCfg = Debug|Win32
		{23A08413-7C96-47E5-B285-C8D51ACA3E4E}.Debug|x86.Build.0 = Debug|Win32
		{23A08413-7C96-47E5-B285-C8D51ACA3E4E}.Release|x64.ActiveCfg = Release|x64
		{23A08413-7C96-47E5-B285-C8D51ACA3E4E}.Release|x64.Build.0 = Release|x64
		{23A08413-7C96-47E5-B285-C8D51ACA3E4E}.Release|x86.ActiveCfg = Release|Win32
		{23A08413-7C96-47E5-B285-C8D51ACA3E4E}.Release|x86.Build.0 = Release|Win32
		{5E8B7F28-6743-4481-BA0F-D409C38D87B6}.Debug|x64.ActiveCfg = Debug|x64
		{5E8B7F28-6743-4481-BA0F-D409C38D87B6}.Debug|x64.Build.0 = Debug|x64
		{5E8B7F28-6743-4481-BA0F-D409C38D87B6}.Debug|x86.ActiveCfg = Debug|Win32
		{5E8B7F28-6743-4481-BA0F-D409C38D87B6}.Debug|x86.Build.0 = Debug|Win32
		{5E8B7F28-6743-4481-BA0F-D409C38D87B6}.Release|x64.ActiveCfg = Release|x64
		{5E8B7F28-6743-4481-BA0F-D409C38D87B6}.Release|x64.Build.0 = Release|x64
		{5E8B7F28-6743-4481-BA0F-D409C38D87B6}.Release|x86.ActiveCfg = Release|Win32
		{5E8B7F28-6743-4481-BA0F-D409C38D87B6}.Release|x86.Build.0 = Release|Win32
		{111CB0B8-98C9-47C5-9A5B-E82423811477}.Debug|x64.ActiveCfg = Debug|x64
		{111CB0B8-98C9-47C5-9A5B-E82423811477}.Debug|x64.Build.0 = Debug|x64
		{111CB0B8-98C9-47C5-9A5B-E82423811477}.Debug|x86.ActiveCfg = Debug|Win32
		{111CB0B8-98C9-47C5-9A5B-E82423811477}.Debug|x86.Build.0 = Debug|Win32
		{111CB0B8-98C9-47C5-9A5B-E82423811477}.Release|x64.ActiveCfg = Release|x64
		{111CB0B8-98C9-47C5-9A5B-E82423811477}.Release|x64.Build.0 = Release|x64
		{111CB0B8-98C9-47C5-9A5B-E82423811477}.Release|x86.ActiveCfg = Release|Win32
		{111CB0B8-98C9-47C5-9A5B-E82423811477}.Release|x86.Build.0 = Release|Win32
		{54B645F2-FE79-446D-ACB0-1A0CDDE100B4}.Debug|x64.ActiveCfg = Debug|x64
		{54B645F2-FE79-446D-ACB0-1A0CDDE100B4}.Debug|x64.Build.0 = Debug|x64
		{54B645F2-FE79-446D-ACB0-1A0CDDE100B4}.Debug|x86.ActiveCfg = Debug|Win32
		{54B645F2-FE79-446D-ACB0-1A0CDDE100B4}.Debug|x86.Build.0 = Debug|Win32
		{54B645F2-FE79-446D-ACB0-1A0CDDE100B4}.Release|x64.ActiveCfg = Release|x64
		{54B645F2-FE79-446D-ACB0-1A0CDDE100B4}.Release|x64.Build.0 = Release|x64
		{54B645F2-FE79-446D-ACB0-1A0CDDE100B4}.Release|x86.ActiveCfg = Release|Win32
		{54B645F2-FE79-446D-ACB0-1A0CDDE100B4}.Release|x86.Build.0 = Release|Win32
		{684D1D59-C2AA-47AB-8652-50F8155E8192}.Debug|x64.ActiveCfg = Debug|x64
		{684D1D59-C2AA-47AB-8652-50F8155E8192}.Debug|x64.Build.0 = Debug|x64
		{684D1D59-C2AA-47AB-8652-50F8155E8192}.Debug|x86.ActiveCfg = Debug|Win32
		{684D1D59-C2AA-47AB-8652-50F8155E8192}.Debug|x86.Build.0 = Debug|Win32
		{684D1D59-C2AA-47AB-8652-50F8155E8192}.Release|x64.ActiveCfg = Release|x64
		{684D1D59-C2AA-47AB-8652-50F8155E8192}.Release|x64.Build.0 = Release|x64
		{684D1D59-C2AA-47AB-8652-50F8155E8192}.Release|x86.ActiveCfg = Release|Win32
		{684D1D59-C2AA-47AB-8652-50F8155E8192}.Release|x86.Build.0 = Release|Win32
		{C6618A0C-F821-456C-87CF-B714D921A962}.Debug|x64.ActiveCfg = Debug|x64
		{C6618A0C-F821-456C-87CF-B714D921A962}.Debug|x64.Build.0 = Debug|x64
		{C6618A0C-F821-456C-87CF-B714D921A962}.Debug|x86.ActiveCfg = Debug|Win32
		{C6618A0C-F821-456C-87CF-B714D921A962}.Debug|x86.Build.0 = Debug|Win32
		{C6618A0C-F821-456C-87CF-B714D921A962}.Release|x64.ActiveCfg = Release|x64
		{C6618A0C-F821-456C-87CF-B714D921A962}.Release|x64.Build.0 = Release|x64
		{C6618A0C-F821-456C-87CF-B714D921A962}.Release|x86.ActiveCfg = Release|Win32
		{C6618A0C-F821-456C-87CF-B714D921A962}.Release|x86.Build.0 = Release|Win32
		{AEED6C96-8172-463D-91CC-82F04EC319ED}.Debug|x64.ActiveCfg = Debug|x64
		{AEED6C96-8172-463D-91CC-82F04EC319ED}.Debug|x64.Build.0 = Debug|x64
		{AEED6C96-8172-463D-91CC-82F04EC319ED}.Debug|x86.ActiveCfg = Debug|Win32
		{AEED6C96-8172-463D-91CC-82F04EC319ED}.Debug|x86.Build.0 = Debug|Win32
		{AEED6C96-8172-463D-91CC-82F04EC319ED}.Release|x64.ActiveCfg = Release|x64
		{AEED6C96-8172-463D-91CC-82F04EC319ED}.Release|x64.Build.0 = Release|x64
		{AEED6C96-8172-463D-91CC-82F04EC319ED}.Release|x86.ActiveCfg = Release|Win32
		{AEED6C96-8172-463D-91CC-82F04EC319ED}.Release|x86.Build.0 = Release|Win32
		{517AC515-9356-4BB2-95FC-70ECD0DAECD1}.Debug|x64.ActiveCfg = Debug|x64
		{517AC515-9356-4BB2-95FC-70ECD0DAECD1}.Debug|x64.Build.0 = Debug|x64
		{517AC515-9356-4BB2-95FC-70ECD0DAECD1}.Debug|x86.ActiveCfg = Debug|Win32
		{517AC515-9356-4BB2-95FC-70ECD0DAECD1}.Debug|x86.Build.0 = Debug|Win32
		{517AC515-9356-4BB2-95FC-70ECD0DAECD1}.Release|x64.ActiveCfg = Release|x64
		{517AC515-9356-4BB2-95FC-70ECD0DAECD1}.Release|x64.Build.0 = Release|x64
		{517AC515-9356-4BB2-95FC-70ECD0DAECD1}.Release|x86.ActiveCfg = Release|Win32
		{517AC515-9356-4BB2-95FC-70ECD0DAECD1}.Release|x86.Build.0 = Release|Win32
		{E084FB1A-70EE-4C22-87D5-A3CAA06BF6AD}.Debug|x64.ActiveCfg = Debug|x64
		{E084FB1A-70EE-4C22-87D5-A3CAA06BF6AD}.Debug|x64.Build.0 = Debug|x64
		{E084FB1A-70EE-4C22-87D5-A3CAA06BF6AD}.Debug|x86.ActiveCfg = Debug|Win32
		{E084FB1A-70EE-4C22-87D5-A3CAA06BF6AD}.Debug|x86.Build.0 = Debug|Win32
		{E084FB1A-70EE-4C22-87D5-A3CAA06BF6AD}.Release|x64.ActiveCfg = Release|x64
		{E084FB1A-70EE-4C22-87D5-A3CAA06BF6AD}.Release|x64.Build.0 = Release|x64
		{E084FB1A-70EE-4C22-87D5-A3CAA06BF6AD}.Release|x86.ActiveCfg = Release|Win32
		{E084FB1A-70EE-4C22-87D5-A3CAA06BF6AD}.Release|x86.Build.0 = Release|Win32
		{184A249B-55AC-47CF-88CB-1073916A41FB}.Debug|x64.ActiveCfg = Debug|x64
		{184A249B-55AC-47CF-88CB-1073916A41FB}.Debug|x64.Build.0 = Debug|x64
		{184A249B-55AC-47CF-88CB-1073916A41FB}.Debug|x86.ActiveCfg = Debug|Win32
		{184A249B-55AC-47CF-88CB-1073916A41FB}.Debug|x86.Build.0 = Debug|Win32
		{184A249B-55AC-47CF-88CB-1073916A41FB}.Release|x64.ActiveCfg = Release|x64
		{184A249B-55AC-47CF-88CB-1073916A41FB}.Release|x64.Build.0 = Release|x64
		{184A249B-55AC-47CF-88CB-1073916A41FB}.Release|x86.ActiveCfg = Release|Win32
		{184A249B-55AC-47CF-88CB-1073916A41FB}.Release|x86.Build.0 = Release|Win32
		{16613EF6-E9B6-44E7-AF54-C49355466610}.Debug|x64.ActiveCfg = Debug|x64
		{16613EF6-E9B6-44E7-AF54-C49355466610}.Debug|x64.Build.0 = Debug|x64
		{16613EF6-E9B6-44E7-AF54-C49355466610}.Debug|x86.ActiveCfg = Debug|Win32
		{16613EF6-E9B6-44E7-AF54-C49355466610}.Debug|x86.Build.0 = Debug|Win32
		{16613EF6-E9B6-44E7-AF54-C49355466610}.Release|x64.ActiveCfg = Release|x64
		{16613EF6-E9B6-44E7-AF54-C49355466610}.Release|x64.Build.0 = Release|x64
		{16613EF6-E9B6-44E7-AF54-C49355466610}.Release|x86.ActiveCfg = Release|Win32
		{16613EF6-E9B6-44E7-AF54-C49355466610}.Release|x86.Build.0 = Release|Win32
		{D766D0C6-DC7A-44A4-8C21-311A73CA65B0}.Debug|x64.ActiveCfg = Debug|x64
		{D766D0C6-DC7A-44A4-8C21-311A73CA65B0}.Debug|x64.Build.0 = Debug|x64
		{D766D0C6-DC7A-44A4-8C21-311A73CA65B0}.Debug|x86.ActiveCfg = Debug|Win32
		{D766D0C6-DC7A-44A4-8C21-311A73CA65B0}.Debug|x86.Build.0 = Debug|Win32
		{D766D0C6-DC7A-44A4-8C21-311A73CA65B0}.Release|x64.ActiveCfg = Release|x64
		{D766D0C6-DC7A-44A4-8C21-311A73CA65B0}.Release|x64.Build.0 = Release|x64
		{D766D0C6-DC7A-44A4-8C21-311A73CA65B0}.Release|x86.ActiveCfg = Release|Win32
		{D766D0C6-DC7A-44A4-8C21-311A73CA65B0}.Release|x86.Build.0 = Release|Win32
		{8C26C179-EADF-48CF-96DB-36EDF54F3526}.Debug|x64.ActiveCfg = Debug|x64
		{8C26C179-EADF-48CF-96DB-36EDF54F3526}.Debug|x64.Build.0 = Debug|x64
		{8C26C179-EADF-48CF-96DB-36EDF54F3526}.Debug|x86.ActiveCfg = Debug|Win32
		{8C26C179-EADF-48CF-96DB-36EDF54F3526}.Debug|x86.Build.0 = Debug|Win32
		{8C26C179-EADF-48CF-96DB-36EDF54F3526}.Release|x64.ActiveCfg = Release|x64
		{8C26C179-EADF-48CF-96DB-36EDF54F3526}.Release|x64.Build.0 = Release|x64
		{8C26C179-EADF-48CF-96DB-36EDF54F3526}.Release|x86.ActiveCfg = Release|Win32
		{8C26C179-EADF-48CF-96DB-36EDF54F3526}.Release|x86.Build.0 = Release|Win32
		{92F25ABA-380E-4B64-AD9F-FA1B41AE1A62}.Debug|x64.ActiveCfg = Debug|x64
		{92F25ABA-380E-4B64-AD9F-FA1B41AE1A62}.Debug|x64.Build.0 = Debug|x64
		{92F25ABA-380E-4B64-AD9F-FA1B41AE1A62}.Debug|x86.ActiveCfg = Debug|Win32
		{92F25ABA-380E-4B64-AD9F-FA1B41AE1A62}.Debug|x86.Build.0 = Debug|Win32
		{92F25ABA-380E-4B64-AD9F-FA1B41AE1A62}.Release|x64.ActiveCfg = Release|x64
		{92F25ABA-380E-4B64-AD9F-FA1B41AE1A62}.Release|x64.Build.0 = Release|x64
		{92F25ABA-380E-4B64-AD9F-FA1B41AE1A62}.Release|x86.ActiveCfg = Release|Win32
		{92F25ABA-380E-4B64-AD9F-FA1B41AE1A62}.Release|x86.Build.0 = Release|Win32
		{E0EB61C9-F0BA-4F6C-B40F-4126880E767D}.Debug|x64.ActiveCfg = Debug|x64
		{E0EB61C9-F0BA-4F6C-B40F-4126880E767D}.Debug|x64.Build.0 = Debug|x64
		{E0EB61C9-F0BA-4F6C-B40F-4126880E767D}.Debug|x86.ActiveCfg = Debug|Win32
		{E0EB61C9-F0BA-4F6C-B40F-4126880E767D}.Debug|x86.Build.0 = Debug|Win32
		{E0EB61C9-F0BA-4F6C-B40F-4126880E767D}.Release|x64.ActiveCfg = Release|x64
		{E0EB61C9-F0BA-4F6C-B40F-4126880E767D}.Release|x64.Build.0 = Release|x64
		{E0EB61C9-F0BA-4F6C-B40F-4126880E767D}.Release|x86.ActiveCfg = Release|Win32
		{E0EB61C9-F0BA-4F6C-B40F-4126880E767D}.Release|x86.Build.0 = Release|Win32
		{BC09573A-683A-489B-B88B-44534F719B03}.Debug|x64.ActiveCfg = Debug|x64
		{BC09573A-683A-489B-B88B-44534F719B03}.Debug|x64.Build.0 = Debug|x64
		{BC09573A-683A-489B-B88B-44534F719B03}.Debug|x86.ActiveCfg = Debug|Win32
		{BC09573A-683A-489B-B88B-44534F719B03}.Debug|x86.Build.0 = Debug|Win32
		{BC09573A-683A-489B-B88B-44534F719B03}.Release|x64.ActiveCfg = Release|x64
		{BC09573A-683A-489B-B88B-44534F719B03}.Release|x64.Build.0 = Release|x64
		{BC09573A-683A-489B-B88B-44534F719B03}.Release|x86.ActiveCfg = Release|Win32
		{BC09573A-683A-489B-B88B-44534F719B03}.Release|x86.Build.0 = Release|Win32
		{3E96E2EB-6217-409B-8B2C-59BDB9082008}.Debug|x64.ActiveCfg = Debug|x64
		{3E96E2EB-6217-409B-8B2C-59BDB9082008}.Debug|x64.Build.0 = Debug|x64
		{3E96E2EB-6217-409B-8B2C-59BDB9082008}.Debug|x86.ActiveCfg = Debug|Win32
		{3E96E2EB-6217-409B-8B2C-59BDB9082008}.Debug|x86.Build.0 = Debug|Win32
		{3E96E2EB-6217-409B-8B2C-59BDB9082008}.Release|x64.ActiveCfg = Release|x64
		{3E96E2EB-6217-409B-8B2C-59BDB9082008}.Release|x64.Build.0 = Release|x64
		{3E96E2EB-6217-409B-8B2C-59BDB9082008}.Release|x86.ActiveCfg = Release|Win32
		{3E96E2EB-6217-409B-8B2C-59BDB9082008}.Release|x86.Build.0 = Release|Win32
		{42CF32FB-DDCB-4994-9F72-6DA22063524B}.Debug|x64.ActiveCfg = Debug|x64
		{42CF32FB-DDCB-4994-9F72-6DA22063524B}.Debug|x64.Build.0 = Debug|x64
		{42CF32FB-DDCB-4994-9F72-6DA22063524B}.Debug|x86.ActiveCfg = Debug|Win32
		{42CF32FB-DDCB-4994-9F72-6DA22063524B}.Debug|x86.Build.0 = Debug|Win32
		{42CF32FB-DDCB-4994-9F72-6DA22063524B}.Release|x64.ActiveCfg = Release|x64
		{42CF32FB-DDCB-4994-9F72-6DA22063524B}.Release|x64.Build.0 = Release|x64
		{42CF32FB-DDCB-4994-9F72-6DA22063524B}.Release|x86.ActiveCfg = Release|Win32
		{42CF32FB-DDCB-4994-9F72-6DA22063524B}.Release|x86.Build.0 = Release|Win32
		{89C7DC76-BD06-439B-8A33-F054AE50CF26}.Debug|x64.ActiveCfg = Debug|x64
		{89C7DC76-BD06-439B-8A33-F054AE50CF26}.Debug|x64.Build.0 = Debug|x64
		{89C7DC76-BD06-439B-8A33-F054AE50CF26}.Debug|x86.ActiveCfg = Debug|Win32
		{89C7DC76-BD06-439B-8A33-F054AE50CF26}.Debug|x86.Build.0 = Debug|Win32
		{89C7DC76-BD06-439B-8A33-F054AE50CF26}.Release|x64.ActiveCfg = Release|x64
		{89C7DC76-BD06-439B-8A33-F054AE50CF26}.Release|x64.Build.0 = Release|x64
		{89C7DC76-BD06-439B-8A33-F054AE50CF26}.Release|x86.ActiveCfg = Release|Win32
		{89C7DC76-BD06-439B-8A33-F054AE50CF26}.Release|x86.Build.0 = Release|Win32
		{1C4F0DD9-676F-416A-8332-21151F2B04F0}.Debug|x64.ActiveCfg = Debug|x64
		{1C4F0DD9-676F-416A-8332-21151F2B04F0}.Debug|x64.Build.0 = Debug|x64
		{1C4F0DD9-676F-416A-8332-21151F2B04F0}.Debug|x86.ActiveCfg = Debug|Win32
		{1C4F0DD9-676F-416A-8332-21151F2B04F0}.Debug|x86.Build.0 = Debug|Win32
		{1C4F0DD9-676F-416A-8332-21151F2B04F0}.Release|x64.ActiveCfg = Release|x64
		{1C4F0DD9-676F-416A-8332-21151F2B04F0}.Release|x64.Build.0 = Release|x64
		{1C4F0DD9-676F-416A-8332-21151F2B04F0}.Release|x86.ActiveCfg = Release|Win32
		{1C4F0DD9-676F-416A-8332-21151F2B04F0}.Release|x86.Build.0 = Release|Win32
		{1BF14758-CB37-4C8E-9610-B9D2C4777793}.Debug|x64.ActiveCfg = Debug|x64
		{1BF14758-CB37-4C8E-9610-B9D2C4777793}.Debug|x64.Build.0 = Debug|x64
		{1BF14758-CB37-4C8E-9610-B9D2C4777793}.Debug|x86.ActiveCfg = Debug|Win32
		{1BF14758-CB37-4C8E-9610-B9D2C4777793}.Debug|x86.Build.0 = Debug|Win32
		{1BF14758-CB37-4C8E-9610-B9D2C4777793}.Release|x64.ActiveCfg = Release|x64
		{1BF14758-CB37-4C8E-9610-B9D2C4777793}.Release|x64.Build.0 = Release|x64
		{1BF14758-CB37-4C8E-9610-B9D2C4777793}.Release|x86.ActiveCfg = Release|Win32
		{1BF14758-CB37-4C8E-9610-B9D2C4777793}.Release|x86.Build.0 = Release|Win32
		{34E7EE8B-D36E-472D-8A6F-C76758ACE3CE}.Debug|x64.ActiveCfg = Debug|x64
		{34E7EE8B-D36E-472D-8A6F-C76758ACE3CE}.Debug|x64.Build.0 = Debug|x64
		{34E7EE8B-D36E-472D-8A6F-C76758ACE3CE}.Debug|x86.ActiveCfg = Debug|Win32
		{34E7EE8B-D36E-472D-8A6F-C76758ACE3CE}.Debug|x86.Build.0 = Debug|Win32
		{34E7EE8B-D36E-472D-8A6F-C76758ACE3CE}.Release|x64.ActiveCfg = Release|x64
		{34E7EE8B-D36E-472D-8A6F-C76758ACE3CE}.Release|x64.Build.0 = Release|x64
		{34E7EE8B-D36E-472D-8A6F-C76758ACE3CE}.Release|x86.ActiveCfg = Release|Win32
		{34E7EE8B-D36E-472D-8A6F-C76758ACE3CE}.Release|x86.Build.0 = Release|Win32
	EndGlobalSection
	GlobalSection(SolutionProperties) = preSolution
		HideSolutionNode = FALSE
	EndGlobalSection
	GlobalSection(NestedProjects) = preSolution
		{06E6323B-869C-4CE9-9DC6-1868C739BE61} = {B20D3816-F896-4B79-9F5A-9156FFAE1B47}
		{E2C57DCD-A919-4A0D-84E5-FEF6A18E1135} = {B20D3816-F896-4B79-9F5A-9156FFAE1B47}
		{387B42B9-0CF1-48F2-9A9B-53832F308743} = {B20D3816-F896-4B79-9F5A-9156FFAE1B47}
		{7B222685-9A3C-4930-B03E-87311BA74E95} = {B20D3816-F896-4B79-9F5A-9156FFAE1B47}
		{23A08413-7C96-47E5-B285-C8D51ACA3E4E} = {B20D3816-F896-4B79-9F5A-9156FFAE1B47}
		{5E8B7F28-6743-4481-BA0F-D409C38D87B6} = {B20D3816-F896-4B79-9F5A-9156FFAE1B47}
		{111CB0B8-98C9-47C5-9A5B-E82423811477} = {B20D3816-F896-4B79-9F5A-9156FFAE1B47}
		{54B645F2-FE79-446D-ACB0-1A0CDDE100B4} = {B20D3816-F896-4B79-9F5A-9156FFAE1B47}
		{684D1D59-C2AA-47AB-8652-50F8155E8192} = {94A8C31D-6AD0-4E26-BD11-187733E78462}
		{C6618A0C-F821-456C-87CF-B714D921A962} = {94A8C31D-6AD0-4E26-BD11-187733E78462}
		{AEED6C96-8172-463D-91CC-82F04EC319ED} = {94A8C31D-6AD0-4E26-BD11-187733E78462}
		{517AC515-9356-4BB2-95FC-70ECD0DAECD1} = {94A8C31D-6AD0-4E26-BD11-187733E78462}
		{E084FB1A-70EE-4C22-87D5-A3CAA06BF6AD} = {94A8C31D-6AD0-4E26-BD11-187733E78462}
		{184A249B-55AC-47CF-88CB-1073916A41FB} = {94A8C31D-6AD0-4E26-BD11-187733E78462}
		{16613EF6-E9B6-44E7-AF54-C49355466610} = {4E53A686-7668-4CCF-A601-41AE7429F3FA}
		{D766D0C6-DC7A-44A4-8C21-311A73CA65B0} = {EFDCE342-81B1-420C-89D5-EBD6923356CF}
		{8C26C179-EADF-48CF-96DB-36EDF54F3526} = {EFDCE342-81B1-420C-89D5-EBD6923356CF}
		{92F25ABA-380E-4B64-AD9F-FA1B41AE1A62} = {EFDCE342-81B1-420C-89D5-EBD6923356CF}
		{E0EB61C9-F0BA-4F6C-B40F-4126880E767D} = {EFDCE342-81B1-420C-89D5-EBD6923356CF}
		{BC09573A-683A-489B-B88B-44534F719B03} = {EFDCE342-81B1-420C-89D5-EBD6923356CF}
		{3E96E2EB-6217-409B-8B2C-59BDB9082008} = {EFDCE342-81B1-420C-89D5-EBD6923356CF}
		{42CF32FB-DDCB-4994-9F72-6DA22063524B} = {EFDCE342-81B1-420C-89D5-EBD6923356CF}
		{89C7DC76-BD06-439B-8A33-F054AE50CF26} = {EFDCE342-81B1-420C-89D5-EBD6923356CF}
		{1C4F0DD9-676F-416A-8332-21151F2B04F0} = {4EC918FF-41DF-4F45-97FA-2CE8EF22B3F7}
		{1BF14758-CB37-4C8E-9610-B9D2C4777793} = {4EC918FF-41DF-4F45-97FA-2CE8EF22B3F7}
		{34E7EE8B-D36E-472D-8A6F-C76758ACE3CE} = {4EC918FF-41DF-4F45-97FA-2CE8EF22B3F7}
	EndGlobalSection
EndGlobal
